{
  "version": 4,
  "terraform_version": "1.5.0",
  "serial": 8,
  "lineage": "542da719-e1a1-3cae-0746-90dfda5801e7",
  "outputs": {},
  "resources": [
    {
      "mode": "managed",
      "type": "yandex_compute_instance",
      "name": "vm",
      "provider": "provider[\"registry.terraform.io/yandex-cloud/yandex\"]",
      "instances": [
        {
          "index_key": 0,
          "schema_version": 1,
          "attributes": {
            "allow_recreate": null,
            "allow_stopping_for_update": null,
            "boot_disk": [
              {
                "auto_delete": true,
                "device_name": "fhm3ojkp444ndng4rk46",
                "disk_id": "fhm3ojkp444ndng4rk46",
                "initialize_params": [
                  {
                    "block_size": 4096,
                    "description": "",
                    "image_id": "fd8fphfpeqijnlu1phu4",
                    "name": "",
                    "size": 3,
                    "snapshot_id": "",
                    "type": "network-hdd"
                  }
                ],
                "mode": "READ_WRITE"
              }
            ],
            "created_at": "2023-07-07T22:18:45Z",
            "description": "",
            "filesystem": [],
            "folder_id": "b1gcclsbauu1i1arfbrt",
            "fqdn": "fhmg9mb3a94a4rg4p2tq.auto.internal",
            "gpu_cluster_id": "",
            "hostname": "",
            "id": "fhmg9mb3a94a4rg4p2tq",
            "labels": null,
            "local_disk": [],
            "metadata": {
              "user-data": "#cloud-config\ndisable_root: true\ntimezone: Europe/Moscow\nrepo_update: true\nrepo_upgrade: true\napt:\n  preserve_sources_list: true\npackages:\n  - nginx\nruncmd:\n- [ systemctl, nginx-reload ]\n- [ systemctl, enable, nginx.service ]\n- [ systemctl, start, --no-block, nginx.service ]\n- [sh, -c, \"echo $(hostname | cut -d '.' -f 1 ) \u003e /var/www/html/index.html\"]\n- [ sh, -c, \"echo $(ip add) \u003e\u003e /var/www/html/index.html\" ]\nusers:\n - name: user\n   groups: sudo\n   shell: /bin/bash\n   sudo: ['ALL (ALL) NOPASSWD: ALL']\n   ssh-authorized-keys:\n     - ssh-rsa AAAAB3NzaC1yc2EAAAADAQABAAABgQDqV/wLOkGmdB+lizBGHAb06ZX5FkVXWZ/wlkeA9syJncu118DSTl5rDCdwhA4lXabB0MgVAUCeyqX3JC9kJcxTT8srvRbeIRgTnF01sm03VXs0ji+kEcdBZPV7mP0Qv7plFT2nNKg4n3H/UF3T3exRFVZanNIKd3KcYnmMj7C2dyWOMMMhtpsOzwCCnO/cZN1HWhQ1AqurpDwm9FXF6cl5JgWlyUMtxizDv7aVAJxiCqaMyQVArROTC+PRescBuRleHTO85edv6vSMW8Ypwt6RIB7HW2JAICVArnFTp9ubbsM7K69DAS5hMrI1fUKWxz0wbEFTlI7+vfoVNQsMyp9/9ZzCW17yHSCaOf3Z7iWHnnBsR3DlAJ1Vveute0zPBZcxD5u+BreL3GiWsUPd/LMQQ+V9E4zbwSQvVw/It94G/B7e/IbNOewAIV+7ArpK6sR8p5kar036mo/064hyx+dPFwak6/S44BUZ22npq+nsHyCmONkoCVnvxN4RSZ8OL9M= root@vm1\n\n"
            },
            "metadata_options": [
              {
                "aws_v1_http_endpoint": 1,
                "aws_v1_http_token": 2,
                "gce_http_endpoint": 1,
                "gce_http_token": 1
              }
            ],
            "name": "vm0",
            "network_acceleration_type": "standard",
            "network_interface": [
              {
                "dns_record": [],
                "index": 0,
                "ip_address": "192.168.10.25",
                "ipv4": true,
                "ipv6": false,
                "ipv6_address": "",
                "ipv6_dns_record": [],
                "mac_address": "d0:0d:10:4d:96:35",
                "nat": true,
                "nat_dns_record": [],
                "nat_ip_address": "51.250.87.187",
                "nat_ip_version": "IPV4",
                "security_group_ids": [],
                "subnet_id": "e9bn17tr7kpb18b5j6dc"
              }
            ],
            "placement_policy": [
              {
                "host_affinity_rules": [],
                "placement_group_id": "fd8iugd295p0bk9c00mf"
              }
            ],
            "platform_id": "standard-v1",
            "resources": [
              {
                "core_fraction": 5,
                "cores": 2,
                "gpus": 0,
                "memory": 2
              }
            ],
            "scheduling_policy": [
              {
                "preemptible": false
              }
            ],
            "secondary_disk": [],
            "service_account_id": "",
            "status": "running",
            "timeouts": null,
            "zone": "ru-central1-a"
          },
          "sensitive_attributes": [],
          "private": "eyJlMmJmYjczMC1lY2FhLTExZTYtOGY4OC0zNDM2M2JjN2M0YzAiOnsiY3JlYXRlIjozMDAwMDAwMDAwMDAsImRlbGV0ZSI6MzAwMDAwMDAwMDAwLCJ1cGRhdGUiOjMwMDAwMDAwMDAwMH0sInNjaGVtYV92ZXJzaW9uIjoiMSJ9",
          "dependencies": [
            "yandex_compute_placement_group.group1",
            "yandex_vpc_network.network1",
            "yandex_vpc_subnet.subnet1"
          ]
        },
        {
          "index_key": 1,
          "schema_version": 1,
          "attributes": {
            "allow_recreate": null,
            "allow_stopping_for_update": null,
            "boot_disk": [
              {
                "auto_delete": true,
                "device_name": "fhml04i245jss7md6c5m",
                "disk_id": "fhml04i245jss7md6c5m",
                "initialize_params": [
                  {
                    "block_size": 4096,
                    "description": "",
                    "image_id": "fd8fphfpeqijnlu1phu4",
                    "name": "",
                    "size": 3,
                    "snapshot_id": "",
                    "type": "network-hdd"
                  }
                ],
                "mode": "READ_WRITE"
              }
            ],
            "created_at": "2023-07-07T22:18:45Z",
            "description": "",
            "filesystem": [],
            "folder_id": "b1gcclsbauu1i1arfbrt",
            "fqdn": "fhmjbdambab194t6go4k.auto.internal",
            "gpu_cluster_id": "",
            "hostname": "",
            "id": "fhmjbdambab194t6go4k",
            "labels": null,
            "local_disk": [],
            "metadata": {
              "user-data": "#cloud-config\ndisable_root: true\ntimezone: Europe/Moscow\nrepo_update: true\nrepo_upgrade: true\napt:\n  preserve_sources_list: true\npackages:\n  - nginx\nruncmd:\n- [ systemctl, nginx-reload ]\n- [ systemctl, enable, nginx.service ]\n- [ systemctl, start, --no-block, nginx.service ]\n- [sh, -c, \"echo $(hostname | cut -d '.' -f 1 ) \u003e /var/www/html/index.html\"]\n- [ sh, -c, \"echo $(ip add) \u003e\u003e /var/www/html/index.html\" ]\nusers:\n - name: user\n   groups: sudo\n   shell: /bin/bash\n   sudo: ['ALL (ALL) NOPASSWD: ALL']\n   ssh-authorized-keys:\n     - ssh-rsa AAAAB3NzaC1yc2EAAAADAQABAAABgQDqV/wLOkGmdB+lizBGHAb06ZX5FkVXWZ/wlkeA9syJncu118DSTl5rDCdwhA4lXabB0MgVAUCeyqX3JC9kJcxTT8srvRbeIRgTnF01sm03VXs0ji+kEcdBZPV7mP0Qv7plFT2nNKg4n3H/UF3T3exRFVZanNIKd3KcYnmMj7C2dyWOMMMhtpsOzwCCnO/cZN1HWhQ1AqurpDwm9FXF6cl5JgWlyUMtxizDv7aVAJxiCqaMyQVArROTC+PRescBuRleHTO85edv6vSMW8Ypwt6RIB7HW2JAICVArnFTp9ubbsM7K69DAS5hMrI1fUKWxz0wbEFTlI7+vfoVNQsMyp9/9ZzCW17yHSCaOf3Z7iWHnnBsR3DlAJ1Vveute0zPBZcxD5u+BreL3GiWsUPd/LMQQ+V9E4zbwSQvVw/It94G/B7e/IbNOewAIV+7ArpK6sR8p5kar036mo/064hyx+dPFwak6/S44BUZ22npq+nsHyCmONkoCVnvxN4RSZ8OL9M= root@vm1\n\n"
            },
            "metadata_options": [
              {
                "aws_v1_http_endpoint": 1,
                "aws_v1_http_token": 2,
                "gce_http_endpoint": 1,
                "gce_http_token": 1
              }
            ],
            "name": "vm1",
            "network_acceleration_type": "standard",
            "network_interface": [
              {
                "dns_record": [],
                "index": 0,
                "ip_address": "192.168.10.20",
                "ipv4": true,
                "ipv6": false,
                "ipv6_address": "",
                "ipv6_dns_record": [],
                "mac_address": "d0:0d:13:5b:55:65",
                "nat": true,
                "nat_dns_record": [],
                "nat_ip_address": "62.84.126.169",
                "nat_ip_version": "IPV4",
                "security_group_ids": [],
                "subnet_id": "e9bn17tr7kpb18b5j6dc"
              }
            ],
            "placement_policy": [
              {
                "host_affinity_rules": [],
                "placement_group_id": "fd8iugd295p0bk9c00mf"
              }
            ],
            "platform_id": "standard-v1",
            "resources": [
              {
                "core_fraction": 5,
                "cores": 2,
                "gpus": 0,
                "memory": 2
              }
            ],
            "scheduling_policy": [
              {
                "preemptible": false
              }
            ],
            "secondary_disk": [],
            "service_account_id": "",
            "status": "running",
            "timeouts": null,
            "zone": "ru-central1-a"
          },
          "sensitive_attributes": [],
          "private": "eyJlMmJmYjczMC1lY2FhLTExZTYtOGY4OC0zNDM2M2JjN2M0YzAiOnsiY3JlYXRlIjozMDAwMDAwMDAwMDAsImRlbGV0ZSI6MzAwMDAwMDAwMDAwLCJ1cGRhdGUiOjMwMDAwMDAwMDAwMH0sInNjaGVtYV92ZXJzaW9uIjoiMSJ9",
          "dependencies": [
            "yandex_compute_placement_group.group1",
            "yandex_vpc_network.network1",
            "yandex_vpc_subnet.subnet1"
          ]
        }
      ]
    },
    {
      "mode": "managed",
      "type": "yandex_compute_placement_group",
      "name": "group1",
      "provider": "provider[\"registry.terraform.io/yandex-cloud/yandex\"]",
      "instances": [
        {
          "schema_version": 0,
          "attributes": {
            "created_at": "2023-07-07T22:18:43Z",
            "description": "",
            "folder_id": "b1gcclsbauu1i1arfbrt",
            "id": "fd8iugd295p0bk9c00mf",
            "labels": null,
            "name": "group1",
            "timeouts": null
          },
          "sensitive_attributes": [],
          "private": "eyJlMmJmYjczMC1lY2FhLTExZTYtOGY4OC0zNDM2M2JjN2M0YzAiOnsiY3JlYXRlIjo2MDAwMDAwMDAwMCwiZGVsZXRlIjo2MDAwMDAwMDAwMCwidXBkYXRlIjo2MDAwMDAwMDAwMH19"
        }
      ]
    },
    {
      "mode": "managed",
      "type": "yandex_lb_network_load_balancer",
      "name": "lb-1",
      "provider": "provider[\"registry.terraform.io/yandex-cloud/yandex\"]",
      "instances": [
        {
          "schema_version": 0,
          "attributes": {
            "attached_target_group": [
              {
                "healthcheck": [
                  {
                    "healthy_threshold": 2,
                    "http_options": [
                      {
                        "path": "/",
                        "port": 80
                      }
                    ],
                    "interval": 2,
                    "name": "http",
                    "tcp_options": [],
                    "timeout": 1,
                    "unhealthy_threshold": 2
                  }
                ],
                "target_group_id": "enpmcrevsknmapnq39on"
              }
            ],
            "created_at": "2023-07-07T22:19:22Z",
            "deletion_protection": false,
            "description": "",
            "folder_id": "b1gcclsbauu1i1arfbrt",
            "id": "enpmouc8b56o1429adm8",
            "labels": null,
            "listener": [
              {
                "external_address_spec": [
                  {
                    "address": "51.250.64.51",
                    "ip_version": "ipv4"
                  }
                ],
                "internal_address_spec": [],
                "name": "my-lb-1",
                "port": 80,
                "protocol": "tcp",
                "target_port": 80
              }
            ],
            "name": "lb-1",
            "region_id": "ru-central1",
            "timeouts": null,
            "type": "external"
          },
          "sensitive_attributes": [],
          "private": "eyJlMmJmYjczMC1lY2FhLTExZTYtOGY4OC0zNDM2M2JjN2M0YzAiOnsiY3JlYXRlIjozMDAwMDAwMDAwMDAsImRlbGV0ZSI6MzAwMDAwMDAwMDAwLCJ1cGRhdGUiOjMwMDAwMDAwMDAwMH19",
          "dependencies": [
            "yandex_compute_instance.vm",
            "yandex_compute_placement_group.group1",
            "yandex_lb_target_group.test-1",
            "yandex_vpc_network.network1",
            "yandex_vpc_subnet.subnet1"
          ]
        }
      ]
    },
    {
      "mode": "managed",
      "type": "yandex_lb_target_group",
      "name": "test-1",
      "provider": "provider[\"registry.terraform.io/yandex-cloud/yandex\"]",
      "instances": [
        {
          "schema_version": 0,
          "attributes": {
            "created_at": "2023-07-07T22:19:20Z",
            "description": "",
            "folder_id": "b1gcclsbauu1i1arfbrt",
            "id": "enpmcrevsknmapnq39on",
            "labels": null,
            "name": "test-1",
            "region_id": "ru-central1",
            "target": [
              {
                "address": "192.168.10.20",
                "subnet_id": "e9bn17tr7kpb18b5j6dc"
              },
              {
                "address": "192.168.10.25",
                "subnet_id": "e9bn17tr7kpb18b5j6dc"
              }
            ],
            "timeouts": null
          },
          "sensitive_attributes": [],
          "private": "eyJlMmJmYjczMC1lY2FhLTExZTYtOGY4OC0zNDM2M2JjN2M0YzAiOnsiY3JlYXRlIjozMDAwMDAwMDAwMDAsImRlbGV0ZSI6MzAwMDAwMDAwMDAwLCJ1cGRhdGUiOjMwMDAwMDAwMDAwMH19",
          "dependencies": [
            "yandex_compute_instance.vm",
            "yandex_compute_placement_group.group1",
            "yandex_vpc_network.network1",
            "yandex_vpc_subnet.subnet1"
          ]
        }
      ]
    },
    {
      "mode": "managed",
      "type": "yandex_vpc_network",
      "name": "network1",
      "provider": "provider[\"registry.terraform.io/yandex-cloud/yandex\"]",
      "instances": [
        {
          "schema_version": 0,
          "attributes": {
            "created_at": "2023-07-07T22:18:43Z",
            "default_security_group_id": "",
            "description": "",
            "folder_id": "b1gcclsbauu1i1arfbrt",
            "id": "enp0o6956458a0kqqr9b",
            "labels": {},
            "name": "network1",
            "subnet_ids": [],
            "timeouts": null
          },
          "sensitive_attributes": [],
          "private": "eyJlMmJmYjczMC1lY2FhLTExZTYtOGY4OC0zNDM2M2JjN2M0YzAiOnsiY3JlYXRlIjo2MDAwMDAwMDAwMCwiZGVsZXRlIjo2MDAwMDAwMDAwMCwidXBkYXRlIjo2MDAwMDAwMDAwMH19"
        }
      ]
    },
    {
      "mode": "managed",
      "type": "yandex_vpc_subnet",
      "name": "subnet1",
      "provider": "provider[\"registry.terraform.io/yandex-cloud/yandex\"]",
      "instances": [
        {
          "schema_version": 0,
          "attributes": {
            "created_at": "2023-07-07T22:18:44Z",
            "description": "",
            "dhcp_options": [],
            "folder_id": "b1gcclsbauu1i1arfbrt",
            "id": "e9bn17tr7kpb18b5j6dc",
            "labels": {},
            "name": "subnet1",
            "network_id": "enp0o6956458a0kqqr9b",
            "route_table_id": "",
            "timeouts": null,
            "v4_cidr_blocks": [
              "192.168.10.0/24"
            ],
            "v6_cidr_blocks": [],
            "zone": "ru-central1-a"
          },
          "sensitive_attributes": [],
          "private": "eyJlMmJmYjczMC1lY2FhLTExZTYtOGY4OC0zNDM2M2JjN2M0YzAiOnsiY3JlYXRlIjoxODAwMDAwMDAwMDAsImRlbGV0ZSI6MTgwMDAwMDAwMDAwLCJ1cGRhdGUiOjE4MDAwMDAwMDAwMH19",
          "dependencies": [
            "yandex_vpc_network.network1"
          ]
        }
      ]
    }
  ],
  "check_results": null
}
